
Microsoft Visual Studio Solution File, Format Version 12.00
# Visual Studio Version 16
VisualStudioVersion = 16.0.31424.327
MinimumVisualStudioVersion = 10.0.40219.1
Project("{FAE04EC0-301F-11D3-BF4B-00C04F79EFBC}") = "Notlarim101.WebApp", "Notlarim101.WebApp\Notlarim101.WebApp.csproj", "{791B9226-0EF9-46F9-BB75-9B6549A17611}"
EndProject
Global
	GlobalSection(SolutionConfigurationPlatforms) = preSolution
		Debug|Any CPU = Debug|Any CPU
		Release|Any CPU = Release|Any CPU
	EndGlobalSection
	GlobalSection(ProjectConfigurationPlatforms) = postSolution
		{791B9226-0EF9-46F9-BB75-9B6549A17611}.Debug|Any CPU.ActiveCfg = Debug|Any CPU
		{791B9226-0EF9-46F9-BB75-9B6549A17611}.Debug|Any CPU.Build.0 = Debug|Any CPU
		{791B9226-0EF9-46F9-BB75-9B6549A17611}.Release|Any CPU.ActiveCfg = Release|Any CPU
		{791B9226-0EF9-46F9-BB75-9B6549A17611}.Release|Any CPU.Build.0 = Release|Any CPU
	EndGlobalSection
	GlobalSection(SolutionProperties) = preSolution
		HideSolutionNode = FALSE
	EndGlobalSection
	GlobalSection(ExtensibilityGlobals) = postSolution
		SolutionGuid = {3FF19587-5C86-4F21-83BA-BF5033185A73}
	EndGlobalSection
EndGlobal
